
Microsoft Visual Studio Solution File, Format Version 12.00
# Visual Studio Version 17
VisualStudioVersion = 17.9.34622.214
MinimumVisualStudioVersion = 10.0.40219.1
Project("{FAE04EC0-301F-11D3-BF4B-00C04F79EFBC}") = "WebApplication8", "..\WebApplication8\WebApplication8.csproj", "{8D680B52-C399-43C7-ACBB-15FB7B055224}"
EndProject
Project("{FAE04EC0-301F-11D3-BF4B-00C04F79EFBC}") = "WebApplication9", "..\WebApplication9\WebApplication9.csproj", "{54D33628-AE5D-41D9-B5E7-696A2A9FAC35}"
EndProject
Global
	GlobalSection(SolutionConfigurationPlatforms) = preSolution
		Debug|Any CPU = Debug|Any CPU
		Release|Any CPU = Release|Any CPU
	EndGlobalSection
	GlobalSection(ProjectConfigurationPlatforms) = postSolution
		{8D680B52-C399-43C7-ACBB-15FB7B055224}.Debug|Any CPU.ActiveCfg = Debug|Any CPU
		{8D680B52-C399-43C7-ACBB-15FB7B055224}.Debug|Any CPU.Build.0 = Debug|Any CPU
		{8D680B52-C399-43C7-ACBB-15FB7B055224}.Release|Any CPU.ActiveCfg = Release|Any CPU
		{8D680B52-C399-43C7-ACBB-15FB7B055224}.Release|Any CPU.Build.0 = Release|Any CPU
		{54D33628-AE5D-41D9-B5E7-696A2A9FAC35}.Debug|Any CPU.ActiveCfg = Debug|Any CPU
		{54D33628-AE5D-41D9-B5E7-696A2A9FAC35}.Debug|Any CPU.Build.0 = Debug|Any CPU
		{54D33628-AE5D-41D9-B5E7-696A2A9FAC35}.Release|Any CPU.ActiveCfg = Release|Any CPU
		{54D33628-AE5D-41D9-B5E7-696A2A9FAC35}.Release|Any CPU.Build.0 = Release|Any CPU
	EndGlobalSection
	GlobalSection(SolutionProperties) = preSolution
		HideSolutionNode = FALSE
	EndGlobalSection
	GlobalSection(ExtensibilityGlobals) = postSolution
		SolutionGuid = {D001B117-4335-465B-9DD0-6926CFFCD240}
	EndGlobalSection
EndGlobal
